
Microsoft Visual Studio Solution File, Format Version 12.00
# Visual Studio Version 16
VisualStudioVersion = 16.0.31727.386
MinimumVisualStudioVersion = 10.0.40219.1
Project("{FAE04EC0-301F-11D3-BF4B-00C04F79EFBC}") = "BankAutomationSystem2", "BankAutomationSystem2\BankAutomationSystem2.csproj", "{73443F76-F772-4C6F-B237-1E09E6B44E79}"
EndProject
Global
	GlobalSection(SolutionConfigurationPlatforms) = preSolution
		Debug|Any CPU = Debug|Any CPU
		Release|Any CPU = Release|Any CPU
	EndGlobalSection
	GlobalSection(ProjectConfigurationPlatforms) = postSolution
		{73443F76-F772-4C6F-B237-1E09E6B44E79}.Debug|Any CPU.ActiveCfg = Debug|Any CPU
		{73443F76-F772-4C6F-B237-1E09E6B44E79}.Debug|Any CPU.Build.0 = Debug|Any CPU
		{73443F76-F772-4C6F-B237-1E09E6B44E79}.Release|Any CPU.ActiveCfg = Release|Any CPU
		{73443F76-F772-4C6F-B237-1E09E6B44E79}.Release|Any CPU.Build.0 = Release|Any CPU
	EndGlobalSection
	GlobalSection(SolutionProperties) = preSolution
		HideSolutionNode = FALSE
	EndGlobalSection
	GlobalSection(ExtensibilityGlobals) = postSolution
		SolutionGuid = {9925D5E3-A4EC-43C1-BBAF-784E05785F88}
	EndGlobalSection
EndGlobal
